// !$*UTF8*$!
{
	archiveVersion = 1;
	classes = {
	};
	objectVersion = 50;
	objects = {

/* Begin PBXBuildFile section */
		3CCD9C4821265DA6009B0DAB /* AppDelegate.swift in Sources */ = {isa = PBXBuildFile; fileRef = 3CCD9C4721265DA6009B0DAB /* AppDelegate.swift */; };
		3CCD9C4A21265DA6009B0DAB /* ViewController.swift in Sources */ = {isa = PBXBuildFile; fileRef = 3CCD9C4921265DA6009B0DAB /* ViewController.swift */; };
		3CCD9C4D21265DA6009B0DAB /* Main.storyboard in Resources */ = {isa = PBXBuildFile; fileRef = 3CCD9C4B21265DA6009B0DAB /* Main.storyboard */; };
		3CCD9C4F21265DAA009B0DAB /* Assets.xcassets in Resources */ = {isa = PBXBuildFile; fileRef = 3CCD9C4E21265DAA009B0DAB /* Assets.xcassets */; };
		3CCD9C5221265DAA009B0DAB /* LaunchScreen.storyboard in Resources */ = {isa = PBXBuildFile; fileRef = 3CCD9C5021265DAA009B0DAB /* LaunchScreen.storyboard */; };
/* End PBXBuildFile section */

/* Begin PBXFileReference section */
		3CCD9C4421265DA6009B0DAB /* HowManyFingers.app */ = {isa = PBXFileReference; explicitFileType = wrapper.application; includeInIndex = 0; path = HowManyFingers.app; sourceTree = BUILT_PRODUCTS_DIR; };
		3CCD9C4721265DA6009B0DAB /* AppDelegate.swift */ = {isa = PBXFileReference; lastKnownFileType = sourcecode.swift; path = AppDelegate.swift; sourceTree = "<group>"; };
		3CCD9C4921265DA6009B0DAB /* ViewController.swift */ = {isa = PBXFileReference; lastKnownFileType = sourcecode.swift; path = ViewController.swift; sourceTree = "<group>"; };
		3CCD9C4C21265DA6009B0DAB /* Base */ = {isa = PBXFileReference; lastKnownFileType = file.storyboard; name = Base; path = Base.lproj/Main.storyboard; sourceTree = "<group>"; };
		3CCD9C4E21265DAA009B0DAB /* Assets.xcassets */ = {isa = PBXFileReference; lastKnownFileType = folder.assetcatalog; path = Assets.xcassets; sourceTree = "<group>"; };
		3CCD9C5121265DAA009B0DAB /* Base */ = {isa = PBXFileReference; lastKnownFileType = file.storyboard; name = Base; path = Base.lproj/LaunchScreen.storyboard; sourceTree = "<group>"; };
		3CCD9C5321265DAA009B0DAB /* Info.plist */ = {isa = PBXFileReference; lastKnownFileType = text.plist.xml; path = Info.plist; sourceTree = "<group>"; };
/* End PBXFileReference section */

/* Begin PBXFrameworksBuildPhase section */
		3CCD9C4121265DA6009B0DAB /* Frameworks */ = {
			isa = PBXFrameworksBuildPhase;
			buildActionMask = 2147483647;
			files = (
			);
			runOnlyForDeploymentPostprocessing = 0;
		};
/* End PBXFrameworksBuildPhase section */

/* Begin PBXGroup section */
		3CCD9C3B21265DA6009B0DAB = {
			isa = PBXGroup;
			children = (
				3CCD9C4621265DA6009B0DAB /* HowManyFingers */,
				3CCD9C4521265DA6009B0DAB /* Products */,
			);
			sourceTree = "<group>";
		};
		3CCD9C4521265DA6009B0DAB /* Products */ = {
			isa = PBXGroup;
			children = (
				3CCD9C4421265DA6009B0DAB /* HowManyFingers.app */,
			);
			name = Products;
			sourceTree = "<group>";
		};
		3CCD9C4621265DA6009B0DAB /* HowManyFingers */ = {
			isa = PBXGroup;
			children = (
				3CCD9C4721265DA6009B0DAB /* AppDelegate.swift */,
				3CCD9C4921265DA6009B0DAB /* ViewController.swift */,
				3CCD9C4B21265DA6009B0DAB /* Main.storyboard */,
				3CCD9C4E21265DAA009B0DAB /* Assets.xcassets */,
				3CCD9C5021265DAA009B0DAB /* LaunchScreen.storyboard */,
				3CCD9C5321265DAA009B0DAB /* Info.plist */,
			);
			path = HowManyFingers;
			sourceTree = "<group>";
		};
/* End PBXGroup section */

/* Begin PBXNativeTarget section */
		3CCD9C4321265DA6009B0DAB /* HowManyFingers */ = {
			isa = PBXNativeTarget;
			buildConfigurationList = 3CCD9C5621265DAA009B0DAB /* Build configuration list for PBXNativeTarget "HowManyFingers" */;
			buildPhases = (
				3CCD9C4021265DA6009B0DAB /* Sources */,
				3CCD9C4121265DA6009B0DAB /* Frameworks */,
				3CCD9C4221265DA6009B0DAB /* Resources */,
			);
			buildRules = (
			);
			dependencies = (
			);
			name = HowManyFingers;
			productName = HowManyFingers;
			productReference = 3CCD9C4421265DA6009B0DAB /* HowManyFingers.app */;
			productType = "com.apple.product-type.application";
		};
/* End PBXNativeTarget section */

/* Begin PBXProject section */
		3CCD9C3C21265DA6009B0DAB /* Project object */ = {
			isa = PBXProject;
			attributes = {
				LastSwiftUpdateCheck = 1000;
				LastUpgradeCheck = 1000;
				ORGANIZATIONNAME = Mani;
				TargetAttributes = {
					3CCD9C4321265DA6009B0DAB = {
						CreatedOnToolsVersion = 10.0;
					};
				};
			};
			buildConfigurationList = 3CCD9C3F21265DA6009B0DAB /* Build configuration list for PBXProject "HowManyFingers" */;
			compatibilityVersion = "Xcode 9.3";
			developmentRegion = en;
			hasScannedForEncodings = 0;
			knownRegions = (
				en,
				Base,
			);
			mainGroup = 3CCD9C3B21265DA6009B0DAB;
			productRefGroup = 3CCD9C4521265DA6009B0DAB /* Products */;
			projectDirPath = "";
			projectRoot = "";
			targets = (
				3CCD9C4321265DA6009B0DAB /* HowManyFingers */,
			);
		};
/* End PBXProject section */

/* Begin PBXResourcesBuildPhase section */
		3CCD9C4221265DA6009B0DAB /* Resources */ = {
			isa = PBXResourcesBuildPhase;
			buildActionMask = 2147483647;
			files = (
				3CCD9C5221265DAA009B0DAB /* LaunchScreen.storyboard in Resources */,
				3CCD9C4F21265DAA009B0DAB /* Assets.xcassets in Resources */,
				3CCD9C4D21265DA6009B0DAB /* Main.storyboard in Resources */,
			);
			runOnlyForDeploymentPostprocessing = 0;
		};
/* End PBXResourcesBuildPhase section */

/* Begin PBXSourcesBuildPhase section */
		3CCD9C4021265DA6009B0DAB /* Sources */ = {
			isa = PBXSourcesBuildPhase;
			buildActionMask = 2147483647;
			files = (
				3CCD9C4A21265DA6009B0DAB /* ViewController.swift in Sources */,
				3CCD9C4821265DA6009B0DAB /* AppDelegate.swift in Sources */,
			);
			runOnlyForDeploymentPostprocessing = 0;
		};
/* End PBXSourcesBuildPhase section */

/* Begin PBXVariantGroup section */
		3CCD9C4B21265DA6009B0DAB /* Main.storyboard */ = {
			isa = PBXVariantGroup;
			children = (
				3CCD9C4C21265DA6009B0DAB /* Base */,
			);
			name = Main.storyboard;
			sourceTree = "<group>";
		};
		3CCD9C5021265DAA009B0DAB /* LaunchScreen.storyboard */ = {
			isa = PBXVariantGroup;
			children = (
				3CCD9C5121265DAA009B0DAB /* Base */,
			);
			name = LaunchScreen.storyboard;
			sourceTree = "<group>";
		};
/* End PBXVariantGroup section */

/* Begin XCBuildConfiguration section */
		3CCD9C5421265DAA009B0DAB /* Debug */ = {
			isa = XCBuildConfiguration;
			buildSettings = {
				ALWAYS_SEARCH_USER_PATHS = NO;
				CLANG_ANALYZER_NONNULL = YES;
				CLANG_ANALYZER_NUMBER_OBJECT_CONVERSION = YES_AGGRESSIVE;
				CLANG_CXX_LANGUAGE_STANDARD = "gnu++14";
				CLANG_CXX_LIBRARY = "libc++";
				CLANG_ENABLE_MODULES = YES;
				CLANG_ENABLE_OBJC_ARC = YES;
				CLANG_ENABLE_OBJC_WEAK = YES;
				CLANG_WARN_BLOCK_CAPTURE_AUTORELEASING = YES;
				CLANG_WARN_BOOL_CONVERSION = YES;
				CLANG_WARN_COMMA = YES;
				CLANG_WARN_CONSTANT_CONVERSION = YES;
				CLANG_WARN_DEPRECATED_OBJC_IMPLEMENTATIONS = YES;
				CLANG_WARN_DIRECT_OBJC_ISA_USAGE = YES_ERROR;
				CLANG_WARN_DOCUMENTATION_COMMENTS = YES;
				CLANG_WARN_EMPTY_BODY = YES;
				CLANG_WARN_ENUM_CONVERSION = YES;
				CLANG_WARN_INFINITE_RECURSION = YES;
				CLANG_WARN_INT_CONVERSION = YES;
				CLANG_WARN_NON_LITERAL_NULL_CONVERSION = YES;
				CLANG_WARN_OBJC_IMPLICIT_RETAIN_SELF = YES;
				CLANG_WARN_OBJC_LITERAL_CONVERSION = YES;
				CLANG_WARN_OBJC_ROOT_CLASS = YES_ERROR;
				CLANG_WARN_RANGE_LOOP_ANALYSIS = YES;
				CLANG_WARN_STRICT_PROTOTYPES = YES;
				CLANG_WARN_SUSPICIOUS_MOVE = YES;
				CLANG_WARN_UNGUARDED_AVAILABILITY = YES_AGGRESSIVE;
				CLANG_WARN_UNREACHABLE_CODE = YES;
				CLANG_WARN__DUPLICATE_METHOD_MATCH = YES;
				CODE_SIGN_IDENTITY = "iPhone Developer";
				COPY_PHASE_STRIP = NO;
				DEBUG_INFORMATION_FORMAT = dwarf;
				ENABLE_STRICT_OBJC_MSGSEND = YES;
				ENABLE_TESTABILITY = YES;
				GCC_C_LANGUAGE_STANDARD = gnu11;
				GCC_DYNAMIC_NO_PIC = NO;
				GCC_NO_COMMON_BLOCKS = YES;
				GCC_OPTIMIZATION_LEVEL = 0;
				GCC_PREPROCESSOR_DEFINITIONS = (
					"DEBUG=1",
					"$(inherited)",
				);
				GCC_WARN_64_TO_32_BIT_CONVERSION = YES;
				GCC_WARN_ABOUT_RETURN_TYPE = YES_ERROR;
				GCC_WARN_UNDECLARED_SELECTOR = YES;
				GCC_WARN_UNINITIALIZED_AUTOS = YES_AGGRESSIVE;
				GCC_WARN_UNUSED_FUNCTION = YES;
				GCC_WARN_UNUSED_VARIABLE = YES;
				IPHONEOS_DEPLOYMENT_TARGET = 12.0;
				MTL_ENABLE_DEBUG_INFO = INCLUDE_SOURCE;
				ONLY_ACTIVE_ARCH = YES;
				SDKROOT = iphoneos;
				SWIFT_ACTIVE_COMPILATION_CONDITIONS = DEBUG;
				SWIFT_OPTIMIZATION_LEVEL = "-Onone";
			};
			name = Debug;
		};
		3CCD9C5521265DAA009B0DAB /* Release */ = {
			isa = XCBuildConfiguration;
			buildSettings = {
				ALWAYS_SEARCH_USER_PATHS = NO;
				CLANG_ANALYZER_NONNULL = YES;
				CLANG_ANALYZER_NUMBER_OBJECT_CONVERSION = YES_AGGRESSIVE;
				CLANG_CXX_LANGUAGE_STANDARD = "gnu++14";
				CLANG_CXX_LIBRARY = "libc++";
				CLANG_ENABLE_MODULES = YES;
				CLANG_ENABLE_OBJC_ARC = YES;
				CLANG_ENABLE_OBJC_WEAK = YES;
				CLANG_WARN_BLOCK_CAPTURE_AUTORELEASING = YES;
				CLANG_WARN_BOOL_CONVERSION = YES;
				CLANG_WARN_COMMA = YES;
				CLANG_WARN_CONSTANT_CONVERSION = YES;
				CLANG_WARN_DEPRECATED_OBJC_IMPLEMENTATIONS = YES;
				CLANG_WARN_DIRECT_OBJC_ISA_USAGE = YES_ERROR;
				CLANG_WARN_DOCUMENTATION_COMMENTS = YES;
				CLANG_WARN_EMPTY_BODY = YES;
				CLANG_WARN_ENUM_CONVERSION = YES;
				CLANG_WARN_INFINITE_RECURSION = YES;
				CLANG_WARN_INT_CONVERSION = YES;
				CLANG_WARN_NON_LITERAL_NULL_CONVERSION = YES;
				CLANG_WARN_OBJC_IMPLICIT_RETAIN_SELF = YES;
				CLANG_WARN_OBJC_LITERAL_CONVERSION = YES;
				CLANG_WARN_OBJC_ROOT_CLASS = YES_ERROR;
				CLANG_WARN_RANGE_LOOP_ANALYSIS = YES;
				CLANG_WARN_STRICT_PROTOTYPES = YES;
				CLANG_WARN_SUSPICIOUS_MOVE = YES;
				CLANG_WARN_UNGUARDED_AVAILABILITY = YES_AGGRESSIVE;
				CLANG_WARN_UNREACHABLE_CODE = YES;
				CLANG_WARN__DUPLICATE_METHOD_MATCH = YES;
				CODE_SIGN_IDENTITY = "iPhone Developer";
				COPY_PHASE_STRIP = NO;
				DEBUG_INFORMATION_FORMAT = "dwarf-with-dsym";
				ENABLE_NS_ASSERTIONS = NO;
				ENABLE_STRICT_OBJC_MSGSEND = YES;
				GCC_C_LANGUAGE_STANDARD = gnu11;
				GCC_NO_COMMON_BLOCKS = YES;
				GCC_WARN_64_TO_32_BIT_CONVERSION = YES;
				GCC_WARN_ABOUT_RETURN_TYPE = YES_ERROR;
				GCC_WARN_UNDECLARED_SELECTOR = YES;
				GCC_WARN_UNINITIALIZED_AUTOS = YES_AGGRESSIVE;
				GCC_WARN_UNUSED_FUNCTION = YES;
				GCC_WARN_UNUSED_VARIABLE = YES;
				IPHONEOS_DEPLOYMENT_TARGET = 12.0;
				MTL_ENABLE_DEBUG_INFO = NO;
				SDKROOT = iphoneos;
				SWIFT_COMPILATION_MODE = wholemodule;
				SWIFT_OPTIMIZATION_LEVEL = "-O";
				VALIDATE_PRODUCT = YES;
			};
			name = Release;
		};
		3CCD9C5721265DAA009B0DAB /* Debug */ = {
			isa = XCBuildConfiguration;
			buildSettings = {
				ASSETCATALOG_COMPILER_APPICON_NAME = AppIcon;
				CODE_SIGN_STYLE = Automatic;
				DEVELOPMENT_TEAM = DMB57ZRZSC;
				INFOPLIST_FILE = HowManyFingers/Info.plist;
				LD_RUNPATH_SEARCH_PATHS = (
					"$(inherited)",
					"@executable_path/Frameworks",
				);
				PRODUCT_BUNDLE_IDENTIFIER = com.manimohan.HowManyFingers;
				PRODUCT_NAME = "$(TARGET_NAME)";
				SWIFT_VERSION = 4.2;
				TARGETED_DEVICE_FAMILY = "1,2";
			};
			name = Debug;
		};
		3CCD9C5821265DAA009B0DAB /* Release */ = {
			isa = XCBuildConfiguration;
			buildSettings = {
				ASSETCATALOG_COMPILER_APPICON_NAME = AppIcon;
				CODE_SIGN_STYLE = Automatic;
				DEVELOPMENT_TEAM = DMB57ZRZSC;
				INFOPLIST_FILE = HowManyFingers/Info.plist;
				LD_RUNPATH_SEARCH_PATHS = (
					"$(inherited)",
					"@executable_path/Frameworks",
				);
				PRODUCT_BUNDLE_IDENTIFIER = com.manimohan.HowManyFingers;
				PRODUCT_NAME = "$(TARGET_NAME)";
				SWIFT_VERSION = 4.2;
				TARGETED_DEVICE_FAMILY = "1,2";
			};
			name = Release;
		};
/* End XCBuildConfiguration section */

/* Begin XCConfigurationList section */
		3CCD9C3F21265DA6009B0DAB /* Build configuration list for PBXProject "HowManyFingers" */ = {
			isa = XCConfigurationList;
			buildConfigurations = (
				3CCD9C5421265DAA009B0DAB /* Debug */,
				3CCD9C5521265DAA009B0DAB /* Release */,
			);
			defaultConfigurationIsVisible = 0;
			defaultConfigurationName = Release;
		};
		3CCD9C5621265DAA009B0DAB /* Build configuration list for PBXNativeTarget "HowManyFingers" */ = {
			isa = XCConfigurationList;
			buildConfigurations = (
				3CCD9C5721265DAA009B0DAB /* Debug */,
				3CCD9C5821265DAA009B0DAB /* Release */,
			);
			defaultConfigurationIsVisible = 0;
			defaultConfigurationName = Release;
		};
/* End XCConfigurationList section */
	};
	rootObject = 3CCD9C3C21265DA6009B0DAB /* Project object */;
}
